
Microsoft Visual Studio Solution File, Format Version 12.00
# Visual Studio Version 16
VisualStudioVersion = 16.0.30503.244
MinimumVisualStudioVersion = 10.0.40219.1
Project("{FAE04EC0-301F-11D3-BF4B-00C04F79EFBC}") = "Oblig2", "Oblig2.csproj", "{317599CA-EEEA-4AC7-AEB5-2C174A0ADF18}"
EndProject
Global
	GlobalSection(SolutionConfigurationPlatforms) = preSolution
		Debug|Any CPU = Debug|Any CPU
		Release|Any CPU = Release|Any CPU
	EndGlobalSection
	GlobalSection(ProjectConfigurationPlatforms) = postSolution
		{317599CA-EEEA-4AC7-AEB5-2C174A0ADF18}.Debug|Any CPU.ActiveCfg = Debug|Any CPU
		{317599CA-EEEA-4AC7-AEB5-2C174A0ADF18}.Debug|Any CPU.Build.0 = Debug|Any CPU
		{317599CA-EEEA-4AC7-AEB5-2C174A0ADF18}.Release|Any CPU.ActiveCfg = Release|Any CPU
		{317599CA-EEEA-4AC7-AEB5-2C174A0ADF18}.Release|Any CPU.Build.0 = Release|Any CPU
	EndGlobalSection
	GlobalSection(SolutionProperties) = preSolution
		HideSolutionNode = FALSE
	EndGlobalSection
	GlobalSection(ExtensibilityGlobals) = postSolution
		SolutionGuid = {C24C1C1E-CD60-4F5D-BDCB-89FC10FB8E1A}
	EndGlobalSection
EndGlobal
